
Microsoft Visual Studio Solution File, Format Version 12.00
# Visual Studio Version 16
VisualStudioVersion = 16.0.31205.134
MinimumVisualStudioVersion = 10.0.40219.1
Project("{FAE04EC0-301F-11D3-BF4B-00C04F79EFBC}") = "FindMyComputer", "FindMyComputer\FindMyComputer.csproj", "{C451A5A1-9A43-4205-B86E-6CAA2E329257}"
EndProject
Global
	GlobalSection(SolutionConfigurationPlatforms) = preSolution
		Debug|Any CPU = Debug|Any CPU
		Release|Any CPU = Release|Any CPU
	EndGlobalSection
	GlobalSection(ProjectConfigurationPlatforms) = postSolution
		{C451A5A1-9A43-4205-B86E-6CAA2E329257}.Debug|Any CPU.ActiveCfg = Debug|Any CPU
		{C451A5A1-9A43-4205-B86E-6CAA2E329257}.Debug|Any CPU.Build.0 = Debug|Any CPU
		{C451A5A1-9A43-4205-B86E-6CAA2E329257}.Release|Any CPU.ActiveCfg = Release|Any CPU
		{C451A5A1-9A43-4205-B86E-6CAA2E329257}.Release|Any CPU.Build.0 = Release|Any CPU
	EndGlobalSection
	GlobalSection(SolutionProperties) = preSolution
		HideSolutionNode = FALSE
	EndGlobalSection
	GlobalSection(ExtensibilityGlobals) = postSolution
		SolutionGuid = {6C6C09DD-3F9F-43B2-AAB7-9CBEDDC1D4A9}
	EndGlobalSection
EndGlobal
